
Microsoft Visual Studio Solution File, Format Version 12.00
# Visual Studio 15
Project("{FAE04EC0-301F-11D3-BF4B-00C04F79EFBC}") = "Assembly-CSharp", "Assembly-CSharp.csproj", "{7CA597AC-799E-2D81-E8A0-0EA9A568434E}"
EndProject
Project("{FAE04EC0-301F-11D3-BF4B-00C04F79EFBC}") = "Unity.XR.Interaction.Toolkit.Samples.SpatialKeyboard", "Unity.XR.Interaction.Toolkit.Samples.SpatialKeyboard.csproj", "{4A21947A-B5CE-A036-72D2-CC107601376C}"
EndProject
Project("{FAE04EC0-301F-11D3-BF4B-00C04F79EFBC}") = "Assembly-CSharp-Editor", "Assembly-CSharp-Editor.csproj", "{350FE3E3-48A3-F652-05DF-AA9DB89C53B0}"
EndProject
Project("{FAE04EC0-301F-11D3-BF4B-00C04F79EFBC}") = "Unity.XR.Interaction.Toolkit.Samples.DeviceSimulator", "Unity.XR.Interaction.Toolkit.Samples.DeviceSimulator.csproj", "{E602E1A4-8CD3-DA4B-36D8-4A465005A56E}"
EndProject
Project("{FAE04EC0-301F-11D3-BF4B-00C04F79EFBC}") = "Assembly-CSharp-firstpass", "Assembly-CSharp-firstpass.csproj", "{A2F055FC-82E1-E36B-E172-6C2074565427}"
EndProject
Project("{FAE04EC0-301F-11D3-BF4B-00C04F79EFBC}") = "Unity.XR.Interaction.Toolkit.Samples.StarterAssets", "Unity.XR.Interaction.Toolkit.Samples.StarterAssets.csproj", "{87C63724-FEF2-688F-52A5-B433EDE329FB}"
EndProject
Project("{FAE04EC0-301F-11D3-BF4B-00C04F79EFBC}") = "Unity.XR.Interaction.Toolkit.Samples.SpatialKeyboard.Editor", "Unity.XR.Interaction.Toolkit.Samples.SpatialKeyboard.Editor.csproj", "{C3CEEF20-794C-C02D-A1EB-94863C13BDE7}"
EndProject
Project("{FAE04EC0-301F-11D3-BF4B-00C04F79EFBC}") = "Assembly-CSharp-Editor-firstpass", "Assembly-CSharp-Editor-firstpass.csproj", "{976C2722-6F6B-50A4-1907-6F79B1984831}"
EndProject
Project("{FAE04EC0-301F-11D3-BF4B-00C04F79EFBC}") = "Unity.XR.Interaction.Toolkit.Samples.StarterAssets.Editor", "Unity.XR.Interaction.Toolkit.Samples.StarterAssets.Editor.csproj", "{9FFC7B3E-5EA9-BCBF-B6A8-D4AEFCC2A959}"
EndProject
Project("{FAE04EC0-301F-11D3-BF4B-00C04F79EFBC}") = "Unity.UOS.Encrypt", "Unity.UOS.Encrypt.csproj", "{140BD9BE-B46C-F68C-3011-FDAA0CF07BED}"
EndProject
Global
	GlobalSection(SolutionConfigurationPlatforms) = preSolution
		Debug|Any CPU = Debug|Any CPU
		Release|Any CPU = Release|Any CPU
	EndGlobalSection
	GlobalSection(ProjectConfigurationPlatforms) = postSolution
		{7CA597AC-799E-2D81-E8A0-0EA9A568434E}.Debug|Any CPU.ActiveCfg = Debug|Any CPU
		{7CA597AC-799E-2D81-E8A0-0EA9A568434E}.Debug|Any CPU.Build.0 = Debug|Any CPU
		{7CA597AC-799E-2D81-E8A0-0EA9A568434E}.Release|Any CPU.ActiveCfg = Release|Any CPU
		{7CA597AC-799E-2D81-E8A0-0EA9A568434E}.Release|Any CPU.Build.0 = Release|Any CPU
		{4A21947A-B5CE-A036-72D2-CC107601376C}.Debug|Any CPU.ActiveCfg = Debug|Any CPU
		{4A21947A-B5CE-A036-72D2-CC107601376C}.Debug|Any CPU.Build.0 = Debug|Any CPU
		{4A21947A-B5CE-A036-72D2-CC107601376C}.Release|Any CPU.ActiveCfg = Release|Any CPU
		{4A21947A-B5CE-A036-72D2-CC107601376C}.Release|Any CPU.Build.0 = Release|Any CPU
		{350FE3E3-48A3-F652-05DF-AA9DB89C53B0}.Debug|Any CPU.ActiveCfg = Debug|Any CPU
		{350FE3E3-48A3-F652-05DF-AA9DB89C53B0}.Debug|Any CPU.Build.0 = Debug|Any CPU
		{350FE3E3-48A3-F652-05DF-AA9DB89C53B0}.Release|Any CPU.ActiveCfg = Release|Any CPU
		{350FE3E3-48A3-F652-05DF-AA9DB89C53B0}.Release|Any CPU.Build.0 = Release|Any CPU
		{E602E1A4-8CD3-DA4B-36D8-4A465005A56E}.Debug|Any CPU.ActiveCfg = Debug|Any CPU
		{E602E1A4-8CD3-DA4B-36D8-4A465005A56E}.Debug|Any CPU.Build.0 = Debug|Any CPU
		{E602E1A4-8CD3-DA4B-36D8-4A465005A56E}.Release|Any CPU.ActiveCfg = Release|Any CPU
		{E602E1A4-8CD3-DA4B-36D8-4A465005A56E}.Release|Any CPU.Build.0 = Release|Any CPU
		{A2F055FC-82E1-E36B-E172-6C2074565427}.Debug|Any CPU.ActiveCfg = Debug|Any CPU
		{A2F055FC-82E1-E36B-E172-6C2074565427}.Debug|Any CPU.Build.0 = Debug|Any CPU
		{A2F055FC-82E1-E36B-E172-6C2074565427}.Release|Any CPU.ActiveCfg = Release|Any CPU
		{A2F055FC-82E1-E36B-E172-6C2074565427}.Release|Any CPU.Build.0 = Release|Any CPU
		{87C63724-FEF2-688F-52A5-B433EDE329FB}.Debug|Any CPU.ActiveCfg = Debug|Any CPU
		{87C63724-FEF2-688F-52A5-B433EDE329FB}.Debug|Any CPU.Build.0 = Debug|Any CPU
		{87C63724-FEF2-688F-52A5-B433EDE329FB}.Release|Any CPU.ActiveCfg = Release|Any CPU
		{87C63724-FEF2-688F-52A5-B433EDE329FB}.Release|Any CPU.Build.0 = Release|Any CPU
		{C3CEEF20-794C-C02D-A1EB-94863C13BDE7}.Debug|Any CPU.ActiveCfg = Debug|Any CPU
		{C3CEEF20-794C-C02D-A1EB-94863C13BDE7}.Debug|Any CPU.Build.0 = Debug|Any CPU
		{C3CEEF20-794C-C02D-A1EB-94863C13BDE7}.Release|Any CPU.ActiveCfg = Release|Any CPU
		{C3CEEF20-794C-C02D-A1EB-94863C13BDE7}.Release|Any CPU.Build.0 = Release|Any CPU
		{976C2722-6F6B-50A4-1907-6F79B1984831}.Debug|Any CPU.ActiveCfg = Debug|Any CPU
		{976C2722-6F6B-50A4-1907-6F79B1984831}.Debug|Any CPU.Build.0 = Debug|Any CPU
		{976C2722-6F6B-50A4-1907-6F79B1984831}.Release|Any CPU.ActiveCfg = Release|Any CPU
		{976C2722-6F6B-50A4-1907-6F79B1984831}.Release|Any CPU.Build.0 = Release|Any CPU
		{9FFC7B3E-5EA9-BCBF-B6A8-D4AEFCC2A959}.Debug|Any CPU.ActiveCfg = Debug|Any CPU
		{9FFC7B3E-5EA9-BCBF-B6A8-D4AEFCC2A959}.Debug|Any CPU.Build.0 = Debug|Any CPU
		{9FFC7B3E-5EA9-BCBF-B6A8-D4AEFCC2A959}.Release|Any CPU.ActiveCfg = Release|Any CPU
		{9FFC7B3E-5EA9-BCBF-B6A8-D4AEFCC2A959}.Release|Any CPU.Build.0 = Release|Any CPU
		{140BD9BE-B46C-F68C-3011-FDAA0CF07BED}.Debug|Any CPU.ActiveCfg = Debug|Any CPU
		{140BD9BE-B46C-F68C-3011-FDAA0CF07BED}.Debug|Any CPU.Build.0 = Debug|Any CPU
		{140BD9BE-B46C-F68C-3011-FDAA0CF07BED}.Release|Any CPU.ActiveCfg = Release|Any CPU
		{140BD9BE-B46C-F68C-3011-FDAA0CF07BED}.Release|Any CPU.Build.0 = Release|Any CPU
	EndGlobalSection
	GlobalSection(SolutionProperties) = preSolution
		HideSolutionNode = FALSE
	EndGlobalSection
EndGlobal
